
Microsoft Visual Studio Solution File, Format Version 12.00
# Visual Studio Version 16
VisualStudioVersion = 16.0.30204.135
MinimumVisualStudioVersion = 10.0.40219.1
Project("{9A19103F-16F7-4668-BE54-9A1E7A4F7556}") = "WebREST", "WebREST.csproj", "{6023A1F4-2ED4-432B-BF36-4E657A048E7B}"
EndProject
Project("{FAE04EC0-301F-11D3-BF4B-00C04F79EFBC}") = "UnitTestREST", "..\UnitTestREST\UnitTestREST.csproj", "{B3319F79-2BB6-4E16-8ADF-8373CA5518C6}"
	ProjectSection(ProjectDependencies) = postProject
		{6023A1F4-2ED4-432B-BF36-4E657A048E7B} = {6023A1F4-2ED4-432B-BF36-4E657A048E7B}
	EndProjectSection
EndProject
Global
	GlobalSection(SolutionConfigurationPlatforms) = preSolution
		Debug|Any CPU = Debug|Any CPU
		Release|Any CPU = Release|Any CPU
	EndGlobalSection
	GlobalSection(ProjectConfigurationPlatforms) = postSolution
		{6023A1F4-2ED4-432B-BF36-4E657A048E7B}.Debug|Any CPU.ActiveCfg = Debug|Any CPU
		{6023A1F4-2ED4-432B-BF36-4E657A048E7B}.Debug|Any CPU.Build.0 = Debug|Any CPU
		{6023A1F4-2ED4-432B-BF36-4E657A048E7B}.Release|Any CPU.ActiveCfg = Release|Any CPU
		{6023A1F4-2ED4-432B-BF36-4E657A048E7B}.Release|Any CPU.Build.0 = Release|Any CPU
		{B3319F79-2BB6-4E16-8ADF-8373CA5518C6}.Debug|Any CPU.ActiveCfg = Debug|Any CPU
		{B3319F79-2BB6-4E16-8ADF-8373CA5518C6}.Debug|Any CPU.Build.0 = Debug|Any CPU
		{B3319F79-2BB6-4E16-8ADF-8373CA5518C6}.Release|Any CPU.ActiveCfg = Release|Any CPU
		{B3319F79-2BB6-4E16-8ADF-8373CA5518C6}.Release|Any CPU.Build.0 = Release|Any CPU
	EndGlobalSection
	GlobalSection(SolutionProperties) = preSolution
		HideSolutionNode = FALSE
	EndGlobalSection
	GlobalSection(ExtensibilityGlobals) = postSolution
		SolutionGuid = {F4810034-CB71-43E7-A3B5-DE64F29CBBE2}
	EndGlobalSection
EndGlobal
